// !$*UTF8*$!
{
	archiveVersion = 1;
	classes = {
	};
	objectVersion = 46;
	objects = {

/* Begin PBXBuildFile section */
		0B1FCBB21232BAB100F1052E /* GCalLoc.sqlite in Resources */ = {isa = PBXBuildFile; fileRef = 0B1FCBB11232BAB100F1052E /* GCalLoc.sqlite */; };
		0B4FD195120DA96A0019F3E5 /* MainViewController.m in Sources */ = {isa = PBXBuildFile; fileRef = 0B4FD194120DA96A0019F3E5 /* MainViewController.m */; };
		0B4FD1C0120DB5640019F3E5 /* GcResultToday.m in Sources */ = {isa = PBXBuildFile; fileRef = 0B4FD1BF120DB5640019F3E5 /* GcResultToday.m */; };
		0B4FD1C7120DB5A10019F3E5 /* gc_math.m in Sources */ = {isa = PBXBuildFile; fileRef = 0B4FD1C6120DB5A10019F3E5 /* gc_math.m */; };
		0B4FD1CF120DB62C0019F3E5 /* gc_astro_arr.m in Sources */ = {isa = PBXBuildFile; fileRef = 0B4FD1CA120DB62C0019F3E5 /* gc_astro_arr.m */; };
		0B4FD1D0120DB62C0019F3E5 /* gc_astro_conj.m in Sources */ = {isa = PBXBuildFile; fileRef = 0B4FD1CB120DB62C0019F3E5 /* gc_astro_conj.m */; };
		0B4FD1D1120DB62C0019F3E5 /* gc_astro_moon.m in Sources */ = {isa = PBXBuildFile; fileRef = 0B4FD1CC120DB62C0019F3E5 /* gc_astro_moon.m */; };
		0B4FD1D2120DB62C0019F3E5 /* gc_astro_sun.m in Sources */ = {isa = PBXBuildFile; fileRef = 0B4FD1CD120DB62C0019F3E5 /* gc_astro_sun.m */; };
		0B4FD1D3120DB62C0019F3E5 /* gc_astro.m in Sources */ = {isa = PBXBuildFile; fileRef = 0B4FD1CE120DB62C0019F3E5 /* gc_astro.m */; };
		0B4FD1DB120DB7270019F3E5 /* GcDayFestival.m in Sources */ = {isa = PBXBuildFile; fileRef = 0B4FD1DA120DB7270019F3E5 /* GcDayFestival.m */; };
		0B4FD1E0120DB7B60019F3E5 /* GcLocation.m in Sources */ = {isa = PBXBuildFile; fileRef = 0B4FD1DF120DB7B60019F3E5 /* GcLocation.m */; };
		0B4FD1E5120DB8CF0019F3E5 /* gcalAppDisplaySettings.m in Sources */ = {isa = PBXBuildFile; fileRef = 0B4FD1E4120DB8CF0019F3E5 /* gcalAppDisplaySettings.m */; };
		0B4FD1EE120DB9830019F3E5 /* GcStringRec.m in Sources */ = {isa = PBXBuildFile; fileRef = 0B4FD1EB120DB9830019F3E5 /* GcStringRec.m */; };
		0B4FD1EF120DB9830019F3E5 /* GCStrings.m in Sources */ = {isa = PBXBuildFile; fileRef = 0B4FD1ED120DB9830019F3E5 /* GCStrings.m */; };
		0B4FD1F9120DBB640019F3E5 /* GcDay.m in Sources */ = {isa = PBXBuildFile; fileRef = 0B4FD1F6120DBB640019F3E5 /* GcDay.m */; };
		0B4FD1FA120DBB640019F3E5 /* GcResultCalendar.m in Sources */ = {isa = PBXBuildFile; fileRef = 0B4FD1F8120DBB640019F3E5 /* GcResultCalendar.m */; };
		0B4FD1FE120DCD3A0019F3E5 /* IGCal-Icon.png in Resources */ = {isa = PBXBuildFile; fileRef = 0B4FD1FD120DCD3A0019F3E5 /* IGCal-Icon.png */; };
		0B4FD21A120DD4550019F3E5 /* GcEvents.m in Sources */ = {isa = PBXBuildFile; fileRef = 0B4FD219120DD4550019F3E5 /* GcEvents.m */; };
		0B70DD381211626700196EA4 /* SettingsItem.m in Sources */ = {isa = PBXBuildFile; fileRef = 0B70DD371211626700196EA4 /* SettingsItem.m */; };
		0B74332712127E19002A423E /* UISwitchWithTag.m in Sources */ = {isa = PBXBuildFile; fileRef = 0B74332612127E19002A423E /* UISwitchWithTag.m */; };
		0B74336A1212D3B3002A423E /* LocationViewTableController.m in Sources */ = {isa = PBXBuildFile; fileRef = 0B7433691212D3B3002A423E /* LocationViewTableController.m */; };
		0B7433A71212E8FC002A423E /* LCity.m in Sources */ = {isa = PBXBuildFile; fileRef = 0B7433A61212E8FC002A423E /* LCity.m */; };
		0B7433AC1212E913002A423E /* LGroup.m in Sources */ = {isa = PBXBuildFile; fileRef = 0B7433AB1212E913002A423E /* LGroup.m */; };
		0B7962DC121C5F13002A79BA /* GpsViewController.m in Sources */ = {isa = PBXBuildFile; fileRef = 0B7962DA121C5F13002A79BA /* GpsViewController.m */; };
		0B7962DD121C5F13002A79BA /* GpsViewController.xib in Resources */ = {isa = PBXBuildFile; fileRef = 0B7962DB121C5F13002A79BA /* GpsViewController.xib */; };
		0B7962F1121C6D76002A79BA /* CoreLocation.framework in Frameworks */ = {isa = PBXBuildFile; fileRef = 0B7962F0121C6D76002A79BA /* CoreLocation.framework */; };
		0B8FCFDF175E4246004D7623 /* gcal72.png in Resources */ = {isa = PBXBuildFile; fileRef = 0B8FCFDE175E4246004D7623 /* gcal72.png */; };
		0B8FCFE1175E424C004D7623 /* gcal144.png in Resources */ = {isa = PBXBuildFile; fileRef = 0B8FCFE0175E424C004D7623 /* gcal144.png */; };
		0B96920E123277F3001945BC /* gcal_launch_image.png in Resources */ = {isa = PBXBuildFile; fileRef = 0B96920D123277F3001945BC /* gcal_launch_image.png */; };
		0B9B7EBD1218204900A6EC76 /* InitLocations.m in Sources */ = {isa = PBXBuildFile; fileRef = 0B9B7EBC1218204900A6EC76 /* InitLocations.m */; };
		0BB84F51120EA75200C06ED1 /* SettingsViewTableController.m in Sources */ = {isa = PBXBuildFile; fileRef = 0BB84F50120EA75200C06ED1 /* SettingsViewTableController.m */; };
		0BE05379175E2906001FF94B /* gcal_launch_image-568h@2x.png in Resources */ = {isa = PBXBuildFile; fileRef = 0BE05378175E2906001FF94B /* gcal_launch_image-568h@2x.png */; };
		0BE0537B175E290D001FF94B /* gcal_launch_image@2x.png in Resources */ = {isa = PBXBuildFile; fileRef = 0BE0537A175E290D001FF94B /* gcal_launch_image@2x.png */; };
		0BE0537D175E2E19001FF94B /* gcal57.png in Resources */ = {isa = PBXBuildFile; fileRef = 0BE0537C175E2E19001FF94B /* gcal57.png */; };
		0BE0537F175E2E1D001FF94B /* gcal114.png in Resources */ = {isa = PBXBuildFile; fileRef = 0BE0537E175E2E1D001FF94B /* gcal114.png */; };
		0BE05382175E3C08001FF94B /* MainWindow-iPad.xib in Resources */ = {isa = PBXBuildFile; fileRef = 0BE05381175E3C08001FF94B /* MainWindow-iPad.xib */; };
		0BE05384175E3D3E001FF94B /* gcal_launch_image-Portrait@2x~ipad.png in Resources */ = {isa = PBXBuildFile; fileRef = 0BE05383175E3D3E001FF94B /* gcal_launch_image-Portrait@2x~ipad.png */; };
		0BE05386175E3D63001FF94B /* gcal_launch_image-Portrait~ipad.png in Resources */ = {isa = PBXBuildFile; fileRef = 0BE05385175E3D63001FF94B /* gcal_launch_image-Portrait~ipad.png */; };
		0BE05388175E3D69001FF94B /* gcal_launch_image-Landscape@2x~ipad.png in Resources */ = {isa = PBXBuildFile; fileRef = 0BE05387175E3D69001FF94B /* gcal_launch_image-Landscape@2x~ipad.png */; };
		0BE0538A175E3D6C001FF94B /* gcal_launch_image-Landscape~ipad.png in Resources */ = {isa = PBXBuildFile; fileRef = 0BE05389175E3D6C001FF94B /* gcal_launch_image-Landscape~ipad.png */; };
		1D3623260D0F684500981E51 /* BalaCalAppDelegate.m in Sources */ = {isa = PBXBuildFile; fileRef = 1D3623250D0F684500981E51 /* BalaCalAppDelegate.m */; };
		1D60589B0D05DD56006BFB54 /* main.m in Sources */ = {isa = PBXBuildFile; fileRef = 29B97316FDCFA39411CA2CEA /* main.m */; };
		1D60589F0D05DD5A006BFB54 /* Foundation.framework in Frameworks */ = {isa = PBXBuildFile; fileRef = 1D30AB110D05D00D00671497 /* Foundation.framework */; };
		1DF5F4E00D08C38300B7A737 /* UIKit.framework in Frameworks */ = {isa = PBXBuildFile; fileRef = 1DF5F4DF0D08C38300B7A737 /* UIKit.framework */; };
		28193060112F816700ECF9B4 /* BalaCal.xcdatamodeld in Sources */ = {isa = PBXBuildFile; fileRef = 2819305F112F816700ECF9B4 /* BalaCal.xcdatamodeld */; };
		288765A50DF7441C002DB57D /* CoreGraphics.framework in Frameworks */ = {isa = PBXBuildFile; fileRef = 288765A40DF7441C002DB57D /* CoreGraphics.framework */; };
		28AD733F0D9D9553002E5188 /* MainWindow.xib in Resources */ = {isa = PBXBuildFile; fileRef = 28AD733E0D9D9553002E5188 /* MainWindow.xib */; };
		28D801B40F44B63D00FB423F /* CoreData.framework in Frameworks */ = {isa = PBXBuildFile; fileRef = 28D801B30F44B63D00FB423F /* CoreData.framework */; };
/* End PBXBuildFile section */

/* Begin PBXFileReference section */
		0B1FCBB11232BAB100F1052E /* GCalLoc.sqlite */ = {isa = PBXFileReference; lastKnownFileType = file; path = GCalLoc.sqlite; sourceTree = "<group>"; };
		0B4FD193120DA96A0019F3E5 /* MainViewController.h */ = {isa = PBXFileReference; fileEncoding = 4; lastKnownFileType = sourcecode.c.h; name = MainViewController.h; path = ../MainViewController.h; sourceTree = "<group>"; };
		0B4FD194120DA96A0019F3E5 /* MainViewController.m */ = {isa = PBXFileReference; fileEncoding = 4; lastKnownFileType = sourcecode.c.objc; name = MainViewController.m; path = ../MainViewController.m; sourceTree = "<group>"; };
		0B4FD1BE120DB5640019F3E5 /* GcResultToday.h */ = {isa = PBXFileReference; fileEncoding = 4; lastKnownFileType = sourcecode.c.h; path = GcResultToday.h; sourceTree = "<group>"; };
		0B4FD1BF120DB5640019F3E5 /* GcResultToday.m */ = {isa = PBXFileReference; fileEncoding = 4; lastKnownFileType = sourcecode.c.objc; path = GcResultToday.m; sourceTree = "<group>"; };
		0B4FD1C3120DB5A10019F3E5 /* gc_const.h */ = {isa = PBXFileReference; fileEncoding = 4; lastKnownFileType = sourcecode.c.h; path = gc_const.h; sourceTree = "<group>"; };
		0B4FD1C4120DB5A10019F3E5 /* gc_dtypes.h */ = {isa = PBXFileReference; fileEncoding = 4; lastKnownFileType = sourcecode.c.h; path = gc_dtypes.h; sourceTree = "<group>"; };
		0B4FD1C5120DB5A10019F3E5 /* gc_func.h */ = {isa = PBXFileReference; fileEncoding = 4; lastKnownFileType = sourcecode.c.h; path = gc_func.h; sourceTree = "<group>"; };
		0B4FD1C6120DB5A10019F3E5 /* gc_math.m */ = {isa = PBXFileReference; fileEncoding = 4; lastKnownFileType = sourcecode.c.objc; path = gc_math.m; sourceTree = "<group>"; };
		0B4FD1CA120DB62C0019F3E5 /* gc_astro_arr.m */ = {isa = PBXFileReference; fileEncoding = 4; lastKnownFileType = sourcecode.c.objc; path = gc_astro_arr.m; sourceTree = "<group>"; };
		0B4FD1CB120DB62C0019F3E5 /* gc_astro_conj.m */ = {isa = PBXFileReference; fileEncoding = 4; lastKnownFileType = sourcecode.c.objc; path = gc_astro_conj.m; sourceTree = "<group>"; };
		0B4FD1CC120DB62C0019F3E5 /* gc_astro_moon.m */ = {isa = PBXFileReference; fileEncoding = 4; lastKnownFileType = sourcecode.c.objc; path = gc_astro_moon.m; sourceTree = "<group>"; };
		0B4FD1CD120DB62C0019F3E5 /* gc_astro_sun.m */ = {isa = PBXFileReference; fileEncoding = 4; lastKnownFileType = sourcecode.c.objc; path = gc_astro_sun.m; sourceTree = "<group>"; };
		0B4FD1CE120DB62C0019F3E5 /* gc_astro.m */ = {isa = PBXFileReference; fileEncoding = 4; lastKnownFileType = sourcecode.c.objc; path = gc_astro.m; sourceTree = "<group>"; };
		0B4FD1D9120DB7270019F3E5 /* GcDayFestival.h */ = {isa = PBXFileReference; fileEncoding = 4; lastKnownFileType = sourcecode.c.h; path = GcDayFestival.h; sourceTree = "<group>"; };
		0B4FD1DA120DB7270019F3E5 /* GcDayFestival.m */ = {isa = PBXFileReference; fileEncoding = 4; lastKnownFileType = sourcecode.c.objc; path = GcDayFestival.m; sourceTree = "<group>"; };
		0B4FD1DE120DB7B60019F3E5 /* GcLocation.h */ = {isa = PBXFileReference; fileEncoding = 4; lastKnownFileType = sourcecode.c.h; path = GcLocation.h; sourceTree = "<group>"; };
		0B4FD1DF120DB7B60019F3E5 /* GcLocation.m */ = {isa = PBXFileReference; fileEncoding = 4; lastKnownFileType = sourcecode.c.objc; path = GcLocation.m; sourceTree = "<group>"; };
		0B4FD1E3120DB8CF0019F3E5 /* gcalAppDisplaySettings.h */ = {isa = PBXFileReference; fileEncoding = 4; lastKnownFileType = sourcecode.c.h; path = gcalAppDisplaySettings.h; sourceTree = "<group>"; };
		0B4FD1E4120DB8CF0019F3E5 /* gcalAppDisplaySettings.m */ = {isa = PBXFileReference; fileEncoding = 4; lastKnownFileType = sourcecode.c.objc; path = gcalAppDisplaySettings.m; sourceTree = "<group>"; };
		0B4FD1EA120DB9830019F3E5 /* GcStringRec.h */ = {isa = PBXFileReference; fileEncoding = 4; lastKnownFileType = sourcecode.c.h; path = GcStringRec.h; sourceTree = "<group>"; };
		0B4FD1EB120DB9830019F3E5 /* GcStringRec.m */ = {isa = PBXFileReference; fileEncoding = 4; lastKnownFileType = sourcecode.c.objc; path = GcStringRec.m; sourceTree = "<group>"; };
		0B4FD1EC120DB9830019F3E5 /* GCStrings.h */ = {isa = PBXFileReference; fileEncoding = 4; lastKnownFileType = sourcecode.c.h; path = GCStrings.h; sourceTree = "<group>"; };
		0B4FD1ED120DB9830019F3E5 /* GCStrings.m */ = {isa = PBXFileReference; fileEncoding = 4; lastKnownFileType = sourcecode.c.objc; path = GCStrings.m; sourceTree = "<group>"; };
		0B4FD1F5120DBB640019F3E5 /* GcDay.h */ = {isa = PBXFileReference; fileEncoding = 4; lastKnownFileType = sourcecode.c.h; path = GcDay.h; sourceTree = "<group>"; };
		0B4FD1F6120DBB640019F3E5 /* GcDay.m */ = {isa = PBXFileReference; fileEncoding = 4; lastKnownFileType = sourcecode.c.objc; path = GcDay.m; sourceTree = "<group>"; };
		0B4FD1F7120DBB640019F3E5 /* GcResultCalendar.h */ = {isa = PBXFileReference; fileEncoding = 4; lastKnownFileType = sourcecode.c.h; path = GcResultCalendar.h; sourceTree = "<group>"; };
		0B4FD1F8120DBB640019F3E5 /* GcResultCalendar.m */ = {isa = PBXFileReference; fileEncoding = 4; lastKnownFileType = sourcecode.c.objc; path = GcResultCalendar.m; sourceTree = "<group>"; };
		0B4FD1FD120DCD3A0019F3E5 /* IGCal-Icon.png */ = {isa = PBXFileReference; lastKnownFileType = image.png; name = "IGCal-Icon.png"; path = "Classes/IGCal-Icon.png"; sourceTree = "<group>"; };
		0B4FD218120DD4550019F3E5 /* GcEvents.h */ = {isa = PBXFileReference; fileEncoding = 4; lastKnownFileType = sourcecode.c.h; path = GcEvents.h; sourceTree = "<group>"; };
		0B4FD219120DD4550019F3E5 /* GcEvents.m */ = {isa = PBXFileReference; fileEncoding = 4; lastKnownFileType = sourcecode.c.objc; path = GcEvents.m; sourceTree = "<group>"; };
		0B70DD361211626700196EA4 /* SettingsItem.h */ = {isa = PBXFileReference; fileEncoding = 4; lastKnownFileType = sourcecode.c.h; path = SettingsItem.h; sourceTree = "<group>"; };
		0B70DD371211626700196EA4 /* SettingsItem.m */ = {isa = PBXFileReference; fileEncoding = 4; lastKnownFileType = sourcecode.c.objc; path = SettingsItem.m; sourceTree = "<group>"; };
		0B74332512127E19002A423E /* UISwitchWithTag.h */ = {isa = PBXFileReference; fileEncoding = 4; lastKnownFileType = sourcecode.c.h; path = UISwitchWithTag.h; sourceTree = "<group>"; };
		0B74332612127E19002A423E /* UISwitchWithTag.m */ = {isa = PBXFileReference; fileEncoding = 4; lastKnownFileType = sourcecode.c.objc; path = UISwitchWithTag.m; sourceTree = "<group>"; };
		0B7433681212D3B3002A423E /* LocationViewTableController.h */ = {isa = PBXFileReference; fileEncoding = 4; lastKnownFileType = sourcecode.c.h; path = LocationViewTableController.h; sourceTree = "<group>"; };
		0B7433691212D3B3002A423E /* LocationViewTableController.m */ = {isa = PBXFileReference; fileEncoding = 4; lastKnownFileType = sourcecode.c.objc; path = LocationViewTableController.m; sourceTree = "<group>"; };
		0B7433A51212E8FC002A423E /* LCity.h */ = {isa = PBXFileReference; fileEncoding = 4; lastKnownFileType = sourcecode.c.h; path = LCity.h; sourceTree = "<group>"; };
		0B7433A61212E8FC002A423E /* LCity.m */ = {isa = PBXFileReference; fileEncoding = 4; lastKnownFileType = sourcecode.c.objc; path = LCity.m; sourceTree = "<group>"; };
		0B7433AA1212E913002A423E /* LGroup.h */ = {isa = PBXFileReference; fileEncoding = 4; lastKnownFileType = sourcecode.c.h; path = LGroup.h; sourceTree = "<group>"; };
		0B7433AB1212E913002A423E /* LGroup.m */ = {isa = PBXFileReference; fileEncoding = 4; lastKnownFileType = sourcecode.c.objc; path = LGroup.m; sourceTree = "<group>"; };
		0B7962D9121C5F13002A79BA /* GpsViewController.h */ = {isa = PBXFileReference; fileEncoding = 4; lastKnownFileType = sourcecode.c.h; path = GpsViewController.h; sourceTree = "<group>"; };
		0B7962DA121C5F13002A79BA /* GpsViewController.m */ = {isa = PBXFileReference; fileEncoding = 4; lastKnownFileType = sourcecode.c.objc; path = GpsViewController.m; sourceTree = "<group>"; };
		0B7962DB121C5F13002A79BA /* GpsViewController.xib */ = {isa = PBXFileReference; lastKnownFileType = file.xib; name = GpsViewController.xib; path = Classes/GpsViewController.xib; sourceTree = "<group>"; };
		0B7962F0121C6D76002A79BA /* CoreLocation.framework */ = {isa = PBXFileReference; lastKnownFileType = wrapper.framework; name = CoreLocation.framework; path = System/Library/Frameworks/CoreLocation.framework; sourceTree = SDKROOT; };
		0B8FCFDE175E4246004D7623 /* gcal72.png */ = {isa = PBXFileReference; lastKnownFileType = image.png; path = gcal72.png; sourceTree = "<group>"; };
		0B8FCFE0175E424C004D7623 /* gcal144.png */ = {isa = PBXFileReference; lastKnownFileType = image.png; path = gcal144.png; sourceTree = "<group>"; };
		0B96920D123277F3001945BC /* gcal_launch_image.png */ = {isa = PBXFileReference; lastKnownFileType = image.png; path = gcal_launch_image.png; sourceTree = "<group>"; };
		0B9B7EBC1218204900A6EC76 /* InitLocations.m */ = {isa = PBXFileReference; fileEncoding = 4; lastKnownFileType = sourcecode.c.objc; path = InitLocations.m; sourceTree = "<group>"; };
		0BB3F4E21926156E00587CED /* Locations */ = {isa = PBXFileReference; explicitFileType = folder; includeInIndex = 0; path = Locations; sourceTree = BUILT_PRODUCTS_DIR; };
		0BB84F4F120EA75200C06ED1 /* SettingsViewTableController.h */ = {isa = PBXFileReference; fileEncoding = 4; lastKnownFileType = sourcecode.c.h; path = SettingsViewTableController.h; sourceTree = "<group>"; };
		0BB84F50120EA75200C06ED1 /* SettingsViewTableController.m */ = {isa = PBXFileReference; fileEncoding = 4; lastKnownFileType = sourcecode.c.objc; path = SettingsViewTableController.m; sourceTree = "<group>"; };
		0BE05378175E2906001FF94B /* gcal_launch_image-568h@2x.png */ = {isa = PBXFileReference; lastKnownFileType = image.png; path = "gcal_launch_image-568h@2x.png"; sourceTree = "<group>"; };
		0BE0537A175E290D001FF94B /* gcal_launch_image@2x.png */ = {isa = PBXFileReference; lastKnownFileType = image.png; path = "gcal_launch_image@2x.png"; sourceTree = "<group>"; };
		0BE0537C175E2E19001FF94B /* gcal57.png */ = {isa = PBXFileReference; lastKnownFileType = image.png; path = gcal57.png; sourceTree = "<group>"; };
		0BE0537E175E2E1D001FF94B /* gcal114.png */ = {isa = PBXFileReference; lastKnownFileType = image.png; path = gcal114.png; sourceTree = "<group>"; };
		0BE05381175E3C08001FF94B /* MainWindow-iPad.xib */ = {isa = PBXFileReference; lastKnownFileType = file.xib; name = "MainWindow-iPad.xib"; path = "iPad/MainWindow-iPad.xib"; sourceTree = "<group>"; };
		0BE05383175E3D3E001FF94B /* gcal_launch_image-Portrait@2x~ipad.png */ = {isa = PBXFileReference; lastKnownFileType = image.png; path = "gcal_launch_image-Portrait@2x~ipad.png"; sourceTree = "<group>"; };
		0BE05385175E3D63001FF94B /* gcal_launch_image-Portrait~ipad.png */ = {isa = PBXFileReference; lastKnownFileType = image.png; path = "gcal_launch_image-Portrait~ipad.png"; sourceTree = "<group>"; };
		0BE05387175E3D69001FF94B /* gcal_launch_image-Landscape@2x~ipad.png */ = {isa = PBXFileReference; lastKnownFileType = image.png; path = "gcal_launch_image-Landscape@2x~ipad.png"; sourceTree = "<group>"; };
		0BE05389175E3D6C001FF94B /* gcal_launch_image-Landscape~ipad.png */ = {isa = PBXFileReference; lastKnownFileType = image.png; path = "gcal_launch_image-Landscape~ipad.png"; sourceTree = "<group>"; };
		1D30AB110D05D00D00671497 /* Foundation.framework */ = {isa = PBXFileReference; lastKnownFileType = wrapper.framework; name = Foundation.framework; path = System/Library/Frameworks/Foundation.framework; sourceTree = SDKROOT; };
		1D3623240D0F684500981E51 /* BalaCalAppDelegate.h */ = {isa = PBXFileReference; fileEncoding = 4; lastKnownFileType = sourcecode.c.h; path = BalaCalAppDelegate.h; sourceTree = "<group>"; };
		1D3623250D0F684500981E51 /* BalaCalAppDelegate.m */ = {isa = PBXFileReference; fileEncoding = 4; lastKnownFileType = sourcecode.c.objc; path = BalaCalAppDelegate.m; sourceTree = "<group>"; };
		1D6058910D05DD3D006BFB54 /* GCAL.app */ = {isa = PBXFileReference; explicitFileType = wrapper.application; includeInIndex = 0; path = GCAL.app; sourceTree = BUILT_PRODUCTS_DIR; };
		1DF5F4DF0D08C38300B7A737 /* UIKit.framework */ = {isa = PBXFileReference; lastKnownFileType = wrapper.framework; name = UIKit.framework; path = System/Library/Frameworks/UIKit.framework; sourceTree = SDKROOT; };
		288765A40DF7441C002DB57D /* CoreGraphics.framework */ = {isa = PBXFileReference; lastKnownFileType = wrapper.framework; name = CoreGraphics.framework; path = System/Library/Frameworks/CoreGraphics.framework; sourceTree = SDKROOT; };
		28AD733E0D9D9553002E5188 /* MainWindow.xib */ = {isa = PBXFileReference; lastKnownFileType = file.xib; path = MainWindow.xib; sourceTree = "<group>"; };
		28C3AD890F43EF2300507BA6 /* BalaCal.xcdatamodel */ = {isa = PBXFileReference; fileEncoding = 4; lastKnownFileType = wrapper.xcdatamodel; path = BalaCal.xcdatamodel; sourceTree = "<group>"; };
		28D801B30F44B63D00FB423F /* CoreData.framework */ = {isa = PBXFileReference; lastKnownFileType = wrapper.framework; name = CoreData.framework; path = System/Library/Frameworks/CoreData.framework; sourceTree = SDKROOT; };
		29B97316FDCFA39411CA2CEA /* main.m */ = {isa = PBXFileReference; fileEncoding = 4; lastKnownFileType = sourcecode.c.objc; path = main.m; sourceTree = "<group>"; };
		32CA4F630368D1EE00C91783 /* GCAL_Prefix.pch */ = {isa = PBXFileReference; fileEncoding = 4; lastKnownFileType = sourcecode.c.h; path = GCAL_Prefix.pch; sourceTree = "<group>"; };
		8D1107310486CEB800E47090 /* GCAL-Info.plist */ = {isa = PBXFileReference; fileEncoding = 4; lastKnownFileType = text.plist.xml; path = "GCAL-Info.plist"; plistStructureDefinitionIdentifier = "com.apple.xcode.plist.structure-definition.iphone.info-plist"; sourceTree = "<group>"; };
/* End PBXFileReference section */

/* Begin PBXFrameworksBuildPhase section */
		1D60588F0D05DD3D006BFB54 /* Frameworks */ = {
			isa = PBXFrameworksBuildPhase;
			buildActionMask = 2147483647;
			files = (
				1D60589F0D05DD5A006BFB54 /* Foundation.framework in Frameworks */,
				1DF5F4E00D08C38300B7A737 /* UIKit.framework in Frameworks */,
				288765A50DF7441C002DB57D /* CoreGraphics.framework in Frameworks */,
				28D801B40F44B63D00FB423F /* CoreData.framework in Frameworks */,
				0B7962F1121C6D76002A79BA /* CoreLocation.framework in Frameworks */,
			);
			runOnlyForDeploymentPostprocessing = 0;
		};
/* End PBXFrameworksBuildPhase section */

/* Begin PBXGroup section */
		080E96DDFE201D6D7F000001 /* Classes */ = {
			isa = PBXGroup;
			children = (
				0B7433A21212E8BF002A423E /* Settings View */,
				0B7433A11212E89C002A423E /* Locations View */,
				0B4FD1D6120DB6CD0019F3E5 /* CalAstro */,
				0B4FD1D5120DB63B0019F3E5 /* BaseAstro */,
				0B4FD193120DA96A0019F3E5 /* MainViewController.h */,
				0B4FD194120DA96A0019F3E5 /* MainViewController.m */,
				1D3623240D0F684500981E51 /* BalaCalAppDelegate.h */,
				1D3623250D0F684500981E51 /* BalaCalAppDelegate.m */,
				0B7962D9121C5F13002A79BA /* GpsViewController.h */,
				0B7962DA121C5F13002A79BA /* GpsViewController.m */,
			);
			path = Classes;
			sourceTree = "<group>";
		};
		0B4FD1D5120DB63B0019F3E5 /* BaseAstro */ = {
			isa = PBXGroup;
			children = (
				0B4FD1C3120DB5A10019F3E5 /* gc_const.h */,
				0B4FD1C4120DB5A10019F3E5 /* gc_dtypes.h */,
				0B4FD1C5120DB5A10019F3E5 /* gc_func.h */,
				0B4FD1C6120DB5A10019F3E5 /* gc_math.m */,
				0B4FD1CA120DB62C0019F3E5 /* gc_astro_arr.m */,
				0B4FD1CB120DB62C0019F3E5 /* gc_astro_conj.m */,
				0B4FD1CC120DB62C0019F3E5 /* gc_astro_moon.m */,
				0B4FD1CD120DB62C0019F3E5 /* gc_astro_sun.m */,
				0B4FD1CE120DB62C0019F3E5 /* gc_astro.m */,
			);
			name = BaseAstro;
			sourceTree = "<group>";
		};
		0B4FD1D6120DB6CD0019F3E5 /* CalAstro */ = {
			isa = PBXGroup;
			children = (
				0B4FD218120DD4550019F3E5 /* GcEvents.h */,
				0B4FD219120DD4550019F3E5 /* GcEvents.m */,
				0B4FD1E3120DB8CF0019F3E5 /* gcalAppDisplaySettings.h */,
				0B4FD1E4120DB8CF0019F3E5 /* gcalAppDisplaySettings.m */,
				0B4FD1EA120DB9830019F3E5 /* GcStringRec.h */,
				0B4FD1EB120DB9830019F3E5 /* GcStringRec.m */,
				0B4FD1EC120DB9830019F3E5 /* GCStrings.h */,
				0B4FD1ED120DB9830019F3E5 /* GCStrings.m */,
				0B4FD1F5120DBB640019F3E5 /* GcDay.h */,
				0B4FD1F6120DBB640019F3E5 /* GcDay.m */,
				0B4FD1F7120DBB640019F3E5 /* GcResultCalendar.h */,
				0B4FD1F8120DBB640019F3E5 /* GcResultCalendar.m */,
				0B4FD1BE120DB5640019F3E5 /* GcResultToday.h */,
				0B4FD1BF120DB5640019F3E5 /* GcResultToday.m */,
				0B4FD1D9120DB7270019F3E5 /* GcDayFestival.h */,
				0B4FD1DA120DB7270019F3E5 /* GcDayFestival.m */,
				0B4FD1DE120DB7B60019F3E5 /* GcLocation.h */,
				0B4FD1DF120DB7B60019F3E5 /* GcLocation.m */,
			);
			name = CalAstro;
			sourceTree = "<group>";
		};
		0B7433A11212E89C002A423E /* Locations View */ = {
			isa = PBXGroup;
			children = (
				0B7433681212D3B3002A423E /* LocationViewTableController.h */,
				0B7433691212D3B3002A423E /* LocationViewTableController.m */,
				0B7433A51212E8FC002A423E /* LCity.h */,
				0B7433A61212E8FC002A423E /* LCity.m */,
				0B7433AA1212E913002A423E /* LGroup.h */,
				0B7433AB1212E913002A423E /* LGroup.m */,
				0B9B7EBC1218204900A6EC76 /* InitLocations.m */,
			);
			name = "Locations View";
			sourceTree = "<group>";
		};
		0B7433A21212E8BF002A423E /* Settings View */ = {
			isa = PBXGroup;
			children = (
				0B70DD361211626700196EA4 /* SettingsItem.h */,
				0B70DD371211626700196EA4 /* SettingsItem.m */,
				0B74332512127E19002A423E /* UISwitchWithTag.h */,
				0B74332612127E19002A423E /* UISwitchWithTag.m */,
				0BB84F4F120EA75200C06ED1 /* SettingsViewTableController.h */,
				0BB84F50120EA75200C06ED1 /* SettingsViewTableController.m */,
			);
			name = "Settings View";
			sourceTree = "<group>";
		};
		0BE05380175E3C07001FF94B /* iPad */ = {
			isa = PBXGroup;
			children = (
				0BE05381175E3C08001FF94B /* MainWindow-iPad.xib */,
			);
			name = iPad;
			sourceTree = "<group>";
		};
		19C28FACFE9D520D11CA2CBB /* Products */ = {
			isa = PBXGroup;
			children = (
				1D6058910D05DD3D006BFB54 /* GCAL.app */,
				0BB3F4E21926156E00587CED /* Locations */,
			);
			name = Products;
			sourceTree = "<group>";
		};
		29B97314FDCFA39411CA2CEA /* CustomTemplate */ = {
			isa = PBXGroup;
			children = (
				0B8FCFE0175E424C004D7623 /* gcal144.png */,
				0B8FCFDE175E4246004D7623 /* gcal72.png */,
				0BE05389175E3D6C001FF94B /* gcal_launch_image-Landscape~ipad.png */,
				0BE05387175E3D69001FF94B /* gcal_launch_image-Landscape@2x~ipad.png */,
				0BE05385175E3D63001FF94B /* gcal_launch_image-Portrait~ipad.png */,
				0BE05383175E3D3E001FF94B /* gcal_launch_image-Portrait@2x~ipad.png */,
				0BE0537E175E2E1D001FF94B /* gcal114.png */,
				0BE0537C175E2E19001FF94B /* gcal57.png */,
				0BE0537A175E290D001FF94B /* gcal_launch_image@2x.png */,
				0BE05378175E2906001FF94B /* gcal_launch_image-568h@2x.png */,
				080E96DDFE201D6D7F000001 /* Classes */,
				29B97315FDCFA39411CA2CEA /* Other Sources */,
				29B97317FDCFA39411CA2CEA /* Resources */,
				0BE05380175E3C07001FF94B /* iPad */,
				29B97323FDCFA39411CA2CEA /* Frameworks */,
				19C28FACFE9D520D11CA2CBB /* Products */,
			);
			name = CustomTemplate;
			sourceTree = "<group>";
		};
		29B97315FDCFA39411CA2CEA /* Other Sources */ = {
			isa = PBXGroup;
			children = (
				32CA4F630368D1EE00C91783 /* GCAL_Prefix.pch */,
				29B97316FDCFA39411CA2CEA /* main.m */,
			);
			name = "Other Sources";
			sourceTree = "<group>";
		};
		29B97317FDCFA39411CA2CEA /* Resources */ = {
			isa = PBXGroup;
			children = (
				0B96920D123277F3001945BC /* gcal_launch_image.png */,
				0B1FCBB11232BAB100F1052E /* GCalLoc.sqlite */,
				0B4FD1FD120DCD3A0019F3E5 /* IGCal-Icon.png */,
				2819305F112F816700ECF9B4 /* BalaCal.xcdatamodeld */,
				28AD733E0D9D9553002E5188 /* MainWindow.xib */,
				0B7962DB121C5F13002A79BA /* GpsViewController.xib */,
				8D1107310486CEB800E47090 /* GCAL-Info.plist */,
			);
			name = Resources;
			sourceTree = "<group>";
		};
		29B97323FDCFA39411CA2CEA /* Frameworks */ = {
			isa = PBXGroup;
			children = (
				1DF5F4DF0D08C38300B7A737 /* UIKit.framework */,
				1D30AB110D05D00D00671497 /* Foundation.framework */,
				288765A40DF7441C002DB57D /* CoreGraphics.framework */,
				28D801B30F44B63D00FB423F /* CoreData.framework */,
				0B7962F0121C6D76002A79BA /* CoreLocation.framework */,
			);
			name = Frameworks;
			sourceTree = "<group>";
		};
/* End PBXGroup section */

/* Begin PBXNativeTarget section */
		0BB3F4E11926156E00587CED /* Locations */ = {
			isa = PBXNativeTarget;
			buildConfigurationList = 0BB3F4EA1926156E00587CED /* Build configuration list for PBXNativeTarget "Locations" */;
			buildPhases = (
				0BB3F4E01926156E00587CED /* Resources */,
			);
			buildRules = (
			);
			dependencies = (
			);
			name = Locations;
			productName = Locations;
			productReference = 0BB3F4E21926156E00587CED /* Locations */;
			productType = "com.apple.product-type.in-app-purchase-content";
		};
		1D6058900D05DD3D006BFB54 /* GCAL */ = {
			isa = PBXNativeTarget;
			buildConfigurationList = 1D6058960D05DD3E006BFB54 /* Build configuration list for PBXNativeTarget "GCAL" */;
			buildPhases = (
				1D60588D0D05DD3D006BFB54 /* Resources */,
				1D60588E0D05DD3D006BFB54 /* Sources */,
				1D60588F0D05DD3D006BFB54 /* Frameworks */,
			);
			buildRules = (
			);
			dependencies = (
			);
			name = GCAL;
			productName = BalaCal;
			productReference = 1D6058910D05DD3D006BFB54 /* GCAL.app */;
			productType = "com.apple.product-type.application";
		};
/* End PBXNativeTarget section */

/* Begin PBXProject section */
		29B97313FDCFA39411CA2CEA /* Project object */ = {
			isa = PBXProject;
			attributes = {
				TargetAttributes = {
					1D6058900D05DD3D006BFB54 = {
						DevelopmentTeam = CR76XVWJX2;
					};
				};
			};
			buildConfigurationList = C01FCF4E08A954540054247B /* Build configuration list for PBXProject "GCAL" */;
			compatibilityVersion = "Xcode 3.2";
			developmentRegion = English;
			hasScannedForEncodings = 1;
			knownRegions = (
				English,
				Japanese,
				French,
				German,
			);
			mainGroup = 29B97314FDCFA39411CA2CEA /* CustomTemplate */;
			projectDirPath = "";
			projectRoot = "";
			targets = (
				1D6058900D05DD3D006BFB54 /* GCAL */,
				0BB3F4E11926156E00587CED /* Locations */,
			);
		};
/* End PBXProject section */

/* Begin PBXResourcesBuildPhase section */
		0BB3F4E01926156E00587CED /* Resources */ = {
			isa = PBXResourcesBuildPhase;
			buildActionMask = 2147483647;
			files = (
			);
			runOnlyForDeploymentPostprocessing = 0;
		};
		1D60588D0D05DD3D006BFB54 /* Resources */ = {
			isa = PBXResourcesBuildPhase;
			buildActionMask = 2147483647;
			files = (
				28AD733F0D9D9553002E5188 /* MainWindow.xib in Resources */,
				0B4FD1FE120DCD3A0019F3E5 /* IGCal-Icon.png in Resources */,
				0B7962DD121C5F13002A79BA /* GpsViewController.xib in Resources */,
				0B96920E123277F3001945BC /* gcal_launch_image.png in Resources */,
				0B1FCBB21232BAB100F1052E /* GCalLoc.sqlite in Resources */,
				0BE05379175E2906001FF94B /* gcal_launch_image-568h@2x.png in Resources */,
				0BE0537B175E290D001FF94B /* gcal_launch_image@2x.png in Resources */,
				0BE0537D175E2E19001FF94B /* gcal57.png in Resources */,
				0BE0537F175E2E1D001FF94B /* gcal114.png in Resources */,
				0BE05382175E3C08001FF94B /* MainWindow-iPad.xib in Resources */,
				0BE05384175E3D3E001FF94B /* gcal_launch_image-Portrait@2x~ipad.png in Resources */,
				0BE05386175E3D63001FF94B /* gcal_launch_image-Portrait~ipad.png in Resources */,
				0BE05388175E3D69001FF94B /* gcal_launch_image-Landscape@2x~ipad.png in Resources */,
				0BE0538A175E3D6C001FF94B /* gcal_launch_image-Landscape~ipad.png in Resources */,
				0B8FCFDF175E4246004D7623 /* gcal72.png in Resources */,
				0B8FCFE1175E424C004D7623 /* gcal144.png in Resources */,
			);
			runOnlyForDeploymentPostprocessing = 0;
		};
/* End PBXResourcesBuildPhase section */

/* Begin PBXSourcesBuildPhase section */
		1D60588E0D05DD3D006BFB54 /* Sources */ = {
			isa = PBXSourcesBuildPhase;
			buildActionMask = 2147483647;
			files = (
				1D60589B0D05DD56006BFB54 /* main.m in Sources */,
				1D3623260D0F684500981E51 /* BalaCalAppDelegate.m in Sources */,
				28193060112F816700ECF9B4 /* BalaCal.xcdatamodeld in Sources */,
				0B4FD195120DA96A0019F3E5 /* MainViewController.m in Sources */,
				0B4FD1C0120DB5640019F3E5 /* GcResultToday.m in Sources */,
				0B4FD1C7120DB5A10019F3E5 /* gc_math.m in Sources */,
				0B4FD1CF120DB62C0019F3E5 /* gc_astro_arr.m in Sources */,
				0B4FD1D0120DB62C0019F3E5 /* gc_astro_conj.m in Sources */,
				0B4FD1D1120DB62C0019F3E5 /* gc_astro_moon.m in Sources */,
				0B4FD1D2120DB62C0019F3E5 /* gc_astro_sun.m in Sources */,
				0B4FD1D3120DB62C0019F3E5 /* gc_astro.m in Sources */,
				0B4FD1DB120DB7270019F3E5 /* GcDayFestival.m in Sources */,
				0B4FD1E0120DB7B60019F3E5 /* GcLocation.m in Sources */,
				0B4FD1E5120DB8CF0019F3E5 /* gcalAppDisplaySettings.m in Sources */,
				0B4FD1EE120DB9830019F3E5 /* GcStringRec.m in Sources */,
				0B4FD1EF120DB9830019F3E5 /* GCStrings.m in Sources */,
				0B4FD1F9120DBB640019F3E5 /* GcDay.m in Sources */,
				0B4FD1FA120DBB640019F3E5 /* GcResultCalendar.m in Sources */,
				0B4FD21A120DD4550019F3E5 /* GcEvents.m in Sources */,
				0BB84F51120EA75200C06ED1 /* SettingsViewTableController.m in Sources */,
				0B70DD381211626700196EA4 /* SettingsItem.m in Sources */,
				0B74332712127E19002A423E /* UISwitchWithTag.m in Sources */,
				0B74336A1212D3B3002A423E /* LocationViewTableController.m in Sources */,
				0B7433A71212E8FC002A423E /* LCity.m in Sources */,
				0B7433AC1212E913002A423E /* LGroup.m in Sources */,
				0B9B7EBD1218204900A6EC76 /* InitLocations.m in Sources */,
				0B7962DC121C5F13002A79BA /* GpsViewController.m in Sources */,
			);
			runOnlyForDeploymentPostprocessing = 0;
		};
/* End PBXSourcesBuildPhase section */

/* Begin XCBuildConfiguration section */
		0B2C91EB122E884F00E9CA26 /* Debug Build Locations */ = {
			isa = XCBuildConfiguration;
			buildSettings = {
				ARCHS = "$(ARCHS_STANDARD_32_BIT)";
				"CODE_SIGN_IDENTITY[sdk=iphoneos*]" = "iPhone Developer";
				GCC_C_LANGUAGE_STANDARD = c99;
				GCC_PREPROCESSOR_DEFINITIONS = GCAL_DEBUG_BUILD_LOCATIONS;
				GCC_WARN_ABOUT_RETURN_TYPE = YES;
				GCC_WARN_UNUSED_VARIABLE = YES;
				PREBINDING = NO;
				SDKROOT = iphoneos4.2;
			};
			name = "Debug Build Locations";
		};
		0B2C91EC122E884F00E9CA26 /* Debug Build Locations */ = {
			isa = XCBuildConfiguration;
			buildSettings = {
				ALWAYS_SEARCH_USER_PATHS = NO;
				CODE_SIGN_IDENTITY = "iPhone Developer";
				"CODE_SIGN_IDENTITY[sdk=iphoneos*]" = "iPhone Developer";
				COPY_PHASE_STRIP = NO;
				GCC_DYNAMIC_NO_PIC = NO;
				GCC_OPTIMIZATION_LEVEL = 0;
				GCC_PRECOMPILE_PREFIX_HEADER = YES;
				GCC_PREFIX_HEADER = GCAL_Prefix.pch;
				INFOPLIST_FILE = "GCAL-Info.plist";
				IPHONEOS_DEPLOYMENT_TARGET = 5.1;
				PRODUCT_NAME = GCAL;
				PROVISIONING_PROFILE = "";
				SDKROOT = iphoneos;
				TARGETED_DEVICE_FAMILY = "1,2";
			};
			name = "Debug Build Locations";
		};
		0B409C661359799A00AD3036 /* Distribution */ = {
			isa = XCBuildConfiguration;
			buildSettings = {
				ARCHS = "$(ARCHS_STANDARD_32_BIT)";
				"CODE_SIGN_IDENTITY[sdk=iphoneos*]" = "iPhone Distribution: PETER KOLLATH";
				GCC_C_LANGUAGE_STANDARD = c99;
				GCC_WARN_ABOUT_RETURN_TYPE = YES;
				GCC_WARN_UNUSED_VARIABLE = YES;
				OTHER_CFLAGS = "-DNS_BLOCK_ASSERTIONS=1";
				PREBINDING = NO;
				"PROVISIONING_PROFILE[sdk=iphoneos*]" = "C74BD10E-2548-4019-8327-9EED5464327D";
				SDKROOT = iphoneos4.2;
			};
			name = Distribution;
		};
		0B409C671359799A00AD3036 /* Distribution */ = {
			isa = XCBuildConfiguration;
			buildSettings = {
				ALWAYS_SEARCH_USER_PATHS = NO;
				CODE_SIGN_IDENTITY = "iPhone Developer";
				"CODE_SIGN_IDENTITY[sdk=iphoneos*]" = "iPhone Developer";
				COPY_PHASE_STRIP = YES;
				GCC_PRECOMPILE_PREFIX_HEADER = YES;
				GCC_PREFIX_HEADER = GCAL_Prefix.pch;
				INFOPLIST_FILE = "GCAL-Info.plist";
				IPHONEOS_DEPLOYMENT_TARGET = 5.1;
				PRODUCT_NAME = GCAL;
				PROVISIONING_PROFILE = "";
				SDKROOT = iphoneos;
				TARGETED_DEVICE_FAMILY = "1,2";
				VALIDATE_PRODUCT = YES;
			};
			name = Distribution;
		};
		0BB3F4E61926156E00587CED /* Debug */ = {
			isa = XCBuildConfiguration;
			buildSettings = {
				ALWAYS_SEARCH_USER_PATHS = NO;
				CLANG_CXX_LANGUAGE_STANDARD = "gnu++0x";
				CLANG_CXX_LIBRARY = "libc++";
				CLANG_ENABLE_OBJC_ARC = YES;
				CLANG_WARN_BOOL_CONVERSION = YES;
				CLANG_WARN_CONSTANT_CONVERSION = YES;
				CLANG_WARN_DIRECT_OBJC_ISA_USAGE = YES_ERROR;
				CLANG_WARN_EMPTY_BODY = YES;
				CLANG_WARN_ENUM_CONVERSION = YES;
				CLANG_WARN_INT_CONVERSION = YES;
				CLANG_WARN_OBJC_ROOT_CLASS = YES_ERROR;
				CLANG_WARN__DUPLICATE_METHOD_MATCH = YES;
				COPY_PHASE_STRIP = NO;
				GCC_C_LANGUAGE_STANDARD = gnu99;
				GCC_DYNAMIC_NO_PIC = NO;
				GCC_OPTIMIZATION_LEVEL = 0;
				GCC_PREPROCESSOR_DEFINITIONS = (
					"DEBUG=1",
					"$(inherited)",
				);
				GCC_SYMBOLS_PRIVATE_EXTERN = NO;
				GCC_WARN_64_TO_32_BIT_CONVERSION = YES;
				GCC_WARN_ABOUT_RETURN_TYPE = YES_ERROR;
				GCC_WARN_UNDECLARED_SELECTOR = YES;
				GCC_WARN_UNINITIALIZED_AUTOS = YES;
				GCC_WARN_UNUSED_FUNCTION = YES;
				INFOPLIST_FILE = Locations/ContentInfo.plist;
				INSTALL_PATH = "$(LOCAL_LIBRARY_DIR)/InAppPurchaseContent";
				PRODUCT_NAME = "$(TARGET_NAME)";
				WRAPPER_EXTENSION = "";
			};
			name = Debug;
		};
		0BB3F4E71926156E00587CED /* Debug Build Locations */ = {
			isa = XCBuildConfiguration;
			buildSettings = {
				ALWAYS_SEARCH_USER_PATHS = NO;
				CLANG_CXX_LANGUAGE_STANDARD = "gnu++0x";
				CLANG_CXX_LIBRARY = "libc++";
				CLANG_ENABLE_OBJC_ARC = YES;
				CLANG_WARN_BOOL_CONVERSION = YES;
				CLANG_WARN_CONSTANT_CONVERSION = YES;
				CLANG_WARN_DIRECT_OBJC_ISA_USAGE = YES_ERROR;
				CLANG_WARN_EMPTY_BODY = YES;
				CLANG_WARN_ENUM_CONVERSION = YES;
				CLANG_WARN_INT_CONVERSION = YES;
				CLANG_WARN_OBJC_ROOT_CLASS = YES_ERROR;
				CLANG_WARN__DUPLICATE_METHOD_MATCH = YES;
				COPY_PHASE_STRIP = NO;
				GCC_C_LANGUAGE_STANDARD = gnu99;
				GCC_DYNAMIC_NO_PIC = NO;
				GCC_OPTIMIZATION_LEVEL = 0;
				GCC_PREPROCESSOR_DEFINITIONS = (
					"DEBUG=1",
					"$(inherited)",
				);
				GCC_SYMBOLS_PRIVATE_EXTERN = NO;
				GCC_WARN_64_TO_32_BIT_CONVERSION = YES;
				GCC_WARN_ABOUT_RETURN_TYPE = YES_ERROR;
				GCC_WARN_UNDECLARED_SELECTOR = YES;
				GCC_WARN_UNINITIALIZED_AUTOS = YES;
				GCC_WARN_UNUSED_FUNCTION = YES;
				INFOPLIST_FILE = Locations/ContentInfo.plist;
				INSTALL_PATH = "$(LOCAL_LIBRARY_DIR)/InAppPurchaseContent";
				PRODUCT_NAME = "$(TARGET_NAME)";
				WRAPPER_EXTENSION = "";
			};
			name = "Debug Build Locations";
		};
		0BB3F4E81926156E00587CED /* Release */ = {
			isa = XCBuildConfiguration;
			buildSettings = {
				ALWAYS_SEARCH_USER_PATHS = NO;
				CLANG_CXX_LANGUAGE_STANDARD = "gnu++0x";
				CLANG_CXX_LIBRARY = "libc++";
				CLANG_ENABLE_OBJC_ARC = YES;
				CLANG_WARN_BOOL_CONVERSION = YES;
				CLANG_WARN_CONSTANT_CONVERSION = YES;
				CLANG_WARN_DIRECT_OBJC_ISA_USAGE = YES_ERROR;
				CLANG_WARN_EMPTY_BODY = YES;
				CLANG_WARN_ENUM_CONVERSION = YES;
				CLANG_WARN_INT_CONVERSION = YES;
				CLANG_WARN_OBJC_ROOT_CLASS = YES_ERROR;
				CLANG_WARN__DUPLICATE_METHOD_MATCH = YES;
				COPY_PHASE_STRIP = YES;
				ENABLE_NS_ASSERTIONS = NO;
				GCC_C_LANGUAGE_STANDARD = gnu99;
				GCC_WARN_64_TO_32_BIT_CONVERSION = YES;
				GCC_WARN_ABOUT_RETURN_TYPE = YES_ERROR;
				GCC_WARN_UNDECLARED_SELECTOR = YES;
				GCC_WARN_UNINITIALIZED_AUTOS = YES;
				GCC_WARN_UNUSED_FUNCTION = YES;
				INFOPLIST_FILE = Locations/ContentInfo.plist;
				INSTALL_PATH = "$(LOCAL_LIBRARY_DIR)/InAppPurchaseContent";
				PRODUCT_NAME = "$(TARGET_NAME)";
				WRAPPER_EXTENSION = "";
			};
			name = Release;
		};
		0BB3F4E91926156E00587CED /* Distribution */ = {
			isa = XCBuildConfiguration;
			buildSettings = {
				ALWAYS_SEARCH_USER_PATHS = NO;
				CLANG_CXX_LANGUAGE_STANDARD = "gnu++0x";
				CLANG_CXX_LIBRARY = "libc++";
				CLANG_ENABLE_OBJC_ARC = YES;
				CLANG_WARN_BOOL_CONVERSION = YES;
				CLANG_WARN_CONSTANT_CONVERSION = YES;
				CLANG_WARN_DIRECT_OBJC_ISA_USAGE = YES_ERROR;
				CLANG_WARN_EMPTY_BODY = YES;
				CLANG_WARN_ENUM_CONVERSION = YES;
				CLANG_WARN_INT_CONVERSION = YES;
				CLANG_WARN_OBJC_ROOT_CLASS = YES_ERROR;
				CLANG_WARN__DUPLICATE_METHOD_MATCH = YES;
				COPY_PHASE_STRIP = YES;
				ENABLE_NS_ASSERTIONS = NO;
				GCC_C_LANGUAGE_STANDARD = gnu99;
				GCC_WARN_64_TO_32_BIT_CONVERSION = YES;
				GCC_WARN_ABOUT_RETURN_TYPE = YES_ERROR;
				GCC_WARN_UNDECLARED_SELECTOR = YES;
				GCC_WARN_UNINITIALIZED_AUTOS = YES;
				GCC_WARN_UNUSED_FUNCTION = YES;
				INFOPLIST_FILE = Locations/ContentInfo.plist;
				INSTALL_PATH = "$(LOCAL_LIBRARY_DIR)/InAppPurchaseContent";
				PRODUCT_NAME = "$(TARGET_NAME)";
				WRAPPER_EXTENSION = "";
			};
			name = Distribution;
		};
		1D6058940D05DD3E006BFB54 /* Debug */ = {
			isa = XCBuildConfiguration;
			buildSettings = {
				ALWAYS_SEARCH_USER_PATHS = NO;
				CODE_SIGN_IDENTITY = "iPhone Developer";
				"CODE_SIGN_IDENTITY[sdk=iphoneos*]" = "iPhone Developer";
				COPY_PHASE_STRIP = NO;
				GCC_DYNAMIC_NO_PIC = NO;
				GCC_OPTIMIZATION_LEVEL = 0;
				GCC_PRECOMPILE_PREFIX_HEADER = YES;
				GCC_PREFIX_HEADER = GCAL_Prefix.pch;
				INFOPLIST_FILE = "GCAL-Info.plist";
				IPHONEOS_DEPLOYMENT_TARGET = 5.1;
				PRODUCT_NAME = GCAL;
				PROVISIONING_PROFILE = "";
				SDKROOT = iphoneos;
				TARGETED_DEVICE_FAMILY = "1,2";
			};
			name = Debug;
		};
		1D6058950D05DD3E006BFB54 /* Release */ = {
			isa = XCBuildConfiguration;
			buildSettings = {
				ALWAYS_SEARCH_USER_PATHS = NO;
				CODE_SIGN_IDENTITY = "iPhone Developer";
				"CODE_SIGN_IDENTITY[sdk=iphoneos*]" = "iPhone Developer";
				COPY_PHASE_STRIP = YES;
				GCC_PRECOMPILE_PREFIX_HEADER = YES;
				GCC_PREFIX_HEADER = GCAL_Prefix.pch;
				INFOPLIST_FILE = "GCAL-Info.plist";
				IPHONEOS_DEPLOYMENT_TARGET = 5.1;
				PRODUCT_NAME = GCAL;
				PROVISIONING_PROFILE = "";
				SDKROOT = iphoneos;
				TARGETED_DEVICE_FAMILY = "1,2";
				VALIDATE_PRODUCT = YES;
			};
			name = Release;
		};
		C01FCF4F08A954540054247B /* Debug */ = {
			isa = XCBuildConfiguration;
			buildSettings = {
				ARCHS = "$(ARCHS_STANDARD_32_BIT)";
				"CODE_SIGN_IDENTITY[sdk=iphoneos*]" = "iPhone Developer";
				GCC_C_LANGUAGE_STANDARD = c99;
				GCC_WARN_ABOUT_RETURN_TYPE = YES;
				GCC_WARN_UNUSED_VARIABLE = YES;
				PREBINDING = NO;
				SDKROOT = iphoneos4.2;
			};
			name = Debug;
		};
		C01FCF5008A954540054247B /* Release */ = {
			isa = XCBuildConfiguration;
			buildSettings = {
				ARCHS = "$(ARCHS_STANDARD_32_BIT)";
				"CODE_SIGN_IDENTITY[sdk=iphoneos*]" = "iPhone Developer";
				GCC_C_LANGUAGE_STANDARD = c99;
				GCC_WARN_ABOUT_RETURN_TYPE = YES;
				GCC_WARN_UNUSED_VARIABLE = YES;
				OTHER_CFLAGS = "-DNS_BLOCK_ASSERTIONS=1";
				PREBINDING = NO;
				SDKROOT = iphoneos4.2;
			};
			name = Release;
		};
/* End XCBuildConfiguration section */

/* Begin XCConfigurationList section */
		0BB3F4EA1926156E00587CED /* Build configuration list for PBXNativeTarget "Locations" */ = {
			isa = XCConfigurationList;
			buildConfigurations = (
				0BB3F4E61926156E00587CED /* Debug */,
				0BB3F4E71926156E00587CED /* Debug Build Locations */,
				0BB3F4E81926156E00587CED /* Release */,
				0BB3F4E91926156E00587CED /* Distribution */,
			);
			defaultConfigurationIsVisible = 0;
		};
		1D6058960D05DD3E006BFB54 /* Build configuration list for PBXNativeTarget "GCAL" */ = {
			isa = XCConfigurationList;
			buildConfigurations = (
				1D6058940D05DD3E006BFB54 /* Debug */,
				0B2C91EC122E884F00E9CA26 /* Debug Build Locations */,
				1D6058950D05DD3E006BFB54 /* Release */,
				0B409C671359799A00AD3036 /* Distribution */,
			);
			defaultConfigurationIsVisible = 0;
			defaultConfigurationName = Release;
		};
		C01FCF4E08A954540054247B /* Build configuration list for PBXProject "GCAL" */ = {
			isa = XCConfigurationList;
			buildConfigurations = (
				C01FCF4F08A954540054247B /* Debug */,
				0B2C91EB122E884F00E9CA26 /* Debug Build Locations */,
				C01FCF5008A954540054247B /* Release */,
				0B409C661359799A00AD3036 /* Distribution */,
			);
			defaultConfigurationIsVisible = 0;
			defaultConfigurationName = Release;
		};
/* End XCConfigurationList section */

/* Begin XCVersionGroup section */
		2819305F112F816700ECF9B4 /* BalaCal.xcdatamodeld */ = {
			isa = XCVersionGroup;
			children = (
				28C3AD890F43EF2300507BA6 /* BalaCal.xcdatamodel */,
			);
			currentVersion = 28C3AD890F43EF2300507BA6 /* BalaCal.xcdatamodel */;
			path = BalaCal.xcdatamodeld;
			sourceTree = "<group>";
			versionGroupType = wrapper.xcdatamodel;
		};
/* End XCVersionGroup section */
	};
	rootObject = 29B97313FDCFA39411CA2CEA /* Project object */;
}
